// !$*UTF8*$!
{
	archiveVersion = 1;
	classes = {
	};
	objectVersion = 56;
	objects = {

/* Begin PBXBuildFile section */
		5505BF8C2AE3E9BB00162F44 /* HomeViewModelTests.swift in Sources */ = {isa = PBXBuildFile; fileRef = 5505BF8B2AE3E9BB00162F44 /* HomeViewModelTests.swift */; };
		5505BF902AE3F89B00162F44 /* RandomUsersNetworkServiceMock.swift in Sources */ = {isa = PBXBuildFile; fileRef = 5505BF8F2AE3F89B00162F44 /* RandomUsersNetworkServiceMock.swift */; };
		552F5B7A2AE19A6800197687 /* .gitignore in Resources */ = {isa = PBXBuildFile; fileRef = 552F5B792AE19A6800197687 /* .gitignore */; };
		553DC5912AE044D700850977 /* RandomUsersApp.swift in Sources */ = {isa = PBXBuildFile; fileRef = 553DC5902AE044D700850977 /* RandomUsersApp.swift */; };
		553DC5952AE044D800850977 /* Assets.xcassets in Resources */ = {isa = PBXBuildFile; fileRef = 553DC5942AE044D800850977 /* Assets.xcassets */; };
		553DC5982AE044D800850977 /* Preview Assets.xcassets in Resources */ = {isa = PBXBuildFile; fileRef = 553DC5972AE044D800850977 /* Preview Assets.xcassets */; };
		553DC5A02AE0459300850977 /* Endpoint.swift in Sources */ = {isa = PBXBuildFile; fileRef = 553DC59F2AE0459300850977 /* Endpoint.swift */; };
		553DC5A22AE045CB00850977 /* RequestMethod.swift in Sources */ = {isa = PBXBuildFile; fileRef = 553DC5A12AE045CB00850977 /* RequestMethod.swift */; };
		553DC5A62AE0460B00850977 /* RandomUsersNetworkData.swift in Sources */ = {isa = PBXBuildFile; fileRef = 553DC5A52AE0460B00850977 /* RandomUsersNetworkData.swift */; };
		553DC5A82AE0465800850977 /* HTTPClient.swift in Sources */ = {isa = PBXBuildFile; fileRef = 553DC5A72AE0465800850977 /* HTTPClient.swift */; };
		553DC5AA2AE0466B00850977 /* RequestError.swift in Sources */ = {isa = PBXBuildFile; fileRef = 553DC5A92AE0466B00850977 /* RequestError.swift */; };
		553DC5B02AE0497300850977 /* User.swift in Sources */ = {isa = PBXBuildFile; fileRef = 553DC5AF2AE0497300850977 /* User.swift */; };
		553DC5B52AE04A0500850977 /* HomeView.swift in Sources */ = {isa = PBXBuildFile; fileRef = 553DC5B42AE04A0500850977 /* HomeView.swift */; };
		553DC5B72AE04A1200850977 /* HomeViewModel.swift in Sources */ = {isa = PBXBuildFile; fileRef = 553DC5B62AE04A1200850977 /* HomeViewModel.swift */; };
		553DC5B92AE04A6E00850977 /* RandomUsersNetworkService.swift in Sources */ = {isa = PBXBuildFile; fileRef = 553DC5B82AE04A6E00850977 /* RandomUsersNetworkService.swift */; };
		553DC5BC2AE04B5000850977 /* RandomUsersEndpoints.swift in Sources */ = {isa = PBXBuildFile; fileRef = 553DC5BB2AE04B5000850977 /* RandomUsersEndpoints.swift */; };
		553DC5BE2AE050D400850977 /* DependencyInjection.swift in Sources */ = {isa = PBXBuildFile; fileRef = 553DC5BD2AE050D400850977 /* DependencyInjection.swift */; };
		553DC5C32AE052BC00850977 /* UserItemListView.swift in Sources */ = {isa = PBXBuildFile; fileRef = 553DC5C22AE052BC00850977 /* UserItemListView.swift */; };
		553DC5C52AE05B2E00850977 /* Localizable.xcstrings in Resources */ = {isa = PBXBuildFile; fileRef = 553DC5C42AE05B2E00850977 /* Localizable.xcstrings */; };
		553DC5C72AE0771E00850977 /* UserView.swift in Sources */ = {isa = PBXBuildFile; fileRef = 553DC5C62AE0771E00850977 /* UserView.swift */; };
		553DC5C92AE0781700850977 /* UserDataView.swift in Sources */ = {isa = PBXBuildFile; fileRef = 553DC5C82AE0781700850977 /* UserDataView.swift */; };
		553DC5CC2AE078BE00850977 /* String+CapitalizeFirst.swift in Sources */ = {isa = PBXBuildFile; fileRef = 553DC5CB2AE078BE00850977 /* String+CapitalizeFirst.swift */; };
		55B07FF02AE255250098016C /* Debouncer.swift in Sources */ = {isa = PBXBuildFile; fileRef = 55B07FEF2AE255250098016C /* Debouncer.swift */; };
		55C1F2C12AE506A3004DB257 /* BlacklistView.swift in Sources */ = {isa = PBXBuildFile; fileRef = 55C1F2C02AE506A3004DB257 /* BlacklistView.swift */; };
		55C1F2C42AE506E2004DB257 /* BlacklistViewModel.swift in Sources */ = {isa = PBXBuildFile; fileRef = 55C1F2C32AE506E2004DB257 /* BlacklistViewModel.swift */; };
/* End PBXBuildFile section */

/* Begin PBXContainerItemProxy section */
		5505BF842AE3E95600162F44 /* PBXContainerItemProxy */ = {
			isa = PBXContainerItemProxy;
			containerPortal = 553DC5852AE044D700850977 /* Project object */;
			proxyType = 1;
			remoteGlobalIDString = 553DC58C2AE044D700850977;
			remoteInfo = RandomUsers;
		};
/* End PBXContainerItemProxy section */

/* Begin PBXFileReference section */
		5505BF802AE3E95600162F44 /* RandomUsersTests.xctest */ = {isa = PBXFileReference; explicitFileType = wrapper.cfbundle; includeInIndex = 0; path = RandomUsersTests.xctest; sourceTree = BUILT_PRODUCTS_DIR; };
		5505BF8B2AE3E9BB00162F44 /* HomeViewModelTests.swift */ = {isa = PBXFileReference; lastKnownFileType = sourcecode.swift; path = HomeViewModelTests.swift; sourceTree = "<group>"; };
		5505BF8F2AE3F89B00162F44 /* RandomUsersNetworkServiceMock.swift */ = {isa = PBXFileReference; lastKnownFileType = sourcecode.swift; path = RandomUsersNetworkServiceMock.swift; sourceTree = "<group>"; };
		552F5B792AE19A6800197687 /* .gitignore */ = {isa = PBXFileReference; lastKnownFileType = text; path = .gitignore; sourceTree = "<group>"; };
		553DC58D2AE044D700850977 /* RandomUsers.app */ = {isa = PBXFileReference; explicitFileType = wrapper.application; includeInIndex = 0; path = RandomUsers.app; sourceTree = BUILT_PRODUCTS_DIR; };
		553DC5902AE044D700850977 /* RandomUsersApp.swift */ = {isa = PBXFileReference; lastKnownFileType = sourcecode.swift; path = RandomUsersApp.swift; sourceTree = "<group>"; };
		553DC5942AE044D800850977 /* Assets.xcassets */ = {isa = PBXFileReference; lastKnownFileType = folder.assetcatalog; path = Assets.xcassets; sourceTree = "<group>"; };
		553DC5972AE044D800850977 /* Preview Assets.xcassets */ = {isa = PBXFileReference; lastKnownFileType = folder.assetcatalog; path = "Preview Assets.xcassets"; sourceTree = "<group>"; };
		553DC59F2AE0459300850977 /* Endpoint.swift */ = {isa = PBXFileReference; lastKnownFileType = sourcecode.swift; path = Endpoint.swift; sourceTree = "<group>"; };
		553DC5A12AE045CB00850977 /* RequestMethod.swift */ = {isa = PBXFileReference; lastKnownFileType = sourcecode.swift; path = RequestMethod.swift; sourceTree = "<group>"; };
		553DC5A52AE0460B00850977 /* RandomUsersNetworkData.swift */ = {isa = PBXFileReference; lastKnownFileType = sourcecode.swift; path = RandomUsersNetworkData.swift; sourceTree = "<group>"; };
		553DC5A72AE0465800850977 /* HTTPClient.swift */ = {isa = PBXFileReference; lastKnownFileType = sourcecode.swift; path = HTTPClient.swift; sourceTree = "<group>"; };
		553DC5A92AE0466B00850977 /* RequestError.swift */ = {isa = PBXFileReference; lastKnownFileType = sourcecode.swift; path = RequestError.swift; sourceTree = "<group>"; };
		553DC5AF2AE0497300850977 /* User.swift */ = {isa = PBXFileReference; lastKnownFileType = sourcecode.swift; path = User.swift; sourceTree = "<group>"; };
		553DC5B42AE04A0500850977 /* HomeView.swift */ = {isa = PBXFileReference; lastKnownFileType = sourcecode.swift; path = HomeView.swift; sourceTree = "<group>"; };
		553DC5B62AE04A1200850977 /* HomeViewModel.swift */ = {isa = PBXFileReference; lastKnownFileType = sourcecode.swift; path = HomeViewModel.swift; sourceTree = "<group>"; };
		553DC5B82AE04A6E00850977 /* RandomUsersNetworkService.swift */ = {isa = PBXFileReference; lastKnownFileType = sourcecode.swift; path = RandomUsersNetworkService.swift; sourceTree = "<group>"; };
		553DC5BB2AE04B5000850977 /* RandomUsersEndpoints.swift */ = {isa = PBXFileReference; lastKnownFileType = sourcecode.swift; path = RandomUsersEndpoints.swift; sourceTree = "<group>"; };
		553DC5BD2AE050D400850977 /* DependencyInjection.swift */ = {isa = PBXFileReference; lastKnownFileType = sourcecode.swift; path = DependencyInjection.swift; sourceTree = "<group>"; };
		553DC5C22AE052BC00850977 /* UserItemListView.swift */ = {isa = PBXFileReference; lastKnownFileType = sourcecode.swift; path = UserItemListView.swift; sourceTree = "<group>"; };
		553DC5C42AE05B2E00850977 /* Localizable.xcstrings */ = {isa = PBXFileReference; lastKnownFileType = text.json.xcstrings; path = Localizable.xcstrings; sourceTree = "<group>"; };
		553DC5C62AE0771E00850977 /* UserView.swift */ = {isa = PBXFileReference; lastKnownFileType = sourcecode.swift; path = UserView.swift; sourceTree = "<group>"; };
		553DC5C82AE0781700850977 /* UserDataView.swift */ = {isa = PBXFileReference; lastKnownFileType = sourcecode.swift; path = UserDataView.swift; sourceTree = "<group>"; };
		553DC5CB2AE078BE00850977 /* String+CapitalizeFirst.swift */ = {isa = PBXFileReference; lastKnownFileType = sourcecode.swift; path = "String+CapitalizeFirst.swift"; sourceTree = "<group>"; };
		55B07FEF2AE255250098016C /* Debouncer.swift */ = {isa = PBXFileReference; lastKnownFileType = sourcecode.swift; path = Debouncer.swift; sourceTree = "<group>"; };
		55C1F2C02AE506A3004DB257 /* BlacklistView.swift */ = {isa = PBXFileReference; lastKnownFileType = sourcecode.swift; path = BlacklistView.swift; sourceTree = "<group>"; };
		55C1F2C32AE506E2004DB257 /* BlacklistViewModel.swift */ = {isa = PBXFileReference; lastKnownFileType = sourcecode.swift; path = BlacklistViewModel.swift; sourceTree = "<group>"; };
/* End PBXFileReference section */

/* Begin PBXFrameworksBuildPhase section */
		5505BF7D2AE3E95600162F44 /* Frameworks */ = {
			isa = PBXFrameworksBuildPhase;
			buildActionMask = 2147483647;
			files = (
			);
			runOnlyForDeploymentPostprocessing = 0;
		};
		553DC58A2AE044D700850977 /* Frameworks */ = {
			isa = PBXFrameworksBuildPhase;
			buildActionMask = 2147483647;
			files = (
			);
			runOnlyForDeploymentPostprocessing = 0;
		};
/* End PBXFrameworksBuildPhase section */

/* Begin PBXGroup section */
		5505BF812AE3E95600162F44 /* RandomUsersTests */ = {
			isa = PBXGroup;
			children = (
				5505BF892AE3E99C00162F44 /* FeaturesTests */,
				5505BF8D2AE3F7EF00162F44 /* Mocks */,
			);
			path = RandomUsersTests;
			sourceTree = "<group>";
		};
		5505BF892AE3E99C00162F44 /* FeaturesTests */ = {
			isa = PBXGroup;
			children = (
				5505BF8A2AE3E9A400162F44 /* HomeTests */,
			);
			path = FeaturesTests;
			sourceTree = "<group>";
		};
		5505BF8A2AE3E9A400162F44 /* HomeTests */ = {
			isa = PBXGroup;
			children = (
				5505BF8B2AE3E9BB00162F44 /* HomeViewModelTests.swift */,
			);
			path = HomeTests;
			sourceTree = "<group>";
		};
		5505BF8D2AE3F7EF00162F44 /* Mocks */ = {
			isa = PBXGroup;
			children = (
				5505BF8E2AE3F80100162F44 /* Network */,
			);
			path = Mocks;
			sourceTree = "<group>";
		};
		5505BF8E2AE3F80100162F44 /* Network */ = {
			isa = PBXGroup;
			children = (
				5505BF8F2AE3F89B00162F44 /* RandomUsersNetworkServiceMock.swift */,
			);
			path = Network;
			sourceTree = "<group>";
		};
		553DC5842AE044D700850977 = {
			isa = PBXGroup;
			children = (
				552F5B792AE19A6800197687 /* .gitignore */,
				553DC58F2AE044D700850977 /* RandomUsers */,
				5505BF812AE3E95600162F44 /* RandomUsersTests */,
				553DC58E2AE044D700850977 /* Products */,
			);
			sourceTree = "<group>";
		};
		553DC58E2AE044D700850977 /* Products */ = {
			isa = PBXGroup;
			children = (
				553DC58D2AE044D700850977 /* RandomUsers.app */,
				5505BF802AE3E95600162F44 /* RandomUsersTests.xctest */,
			);
			name = Products;
			sourceTree = "<group>";
		};
		553DC58F2AE044D700850977 /* RandomUsers */ = {
			isa = PBXGroup;
			children = (
				553DC5CA2AE078A700850977 /* Extensions */,
				553DC5AC2AE048D100850977 /* Features */,
				553DC59E2AE0457C00850977 /* Network */,
				55B07FED2AE255050098016C /* Utils */,
				553DC5902AE044D700850977 /* RandomUsersApp.swift */,
				553DC5BD2AE050D400850977 /* DependencyInjection.swift */,
				553DC5942AE044D800850977 /* Assets.xcassets */,
				553DC5C42AE05B2E00850977 /* Localizable.xcstrings */,
				553DC5962AE044D800850977 /* Preview Content */,
			);
			path = RandomUsers;
			sourceTree = "<group>";
		};
		553DC5962AE044D800850977 /* Preview Content */ = {
			isa = PBXGroup;
			children = (
				553DC5972AE044D800850977 /* Preview Assets.xcassets */,
			);
			path = "Preview Content";
			sourceTree = "<group>";
		};
		553DC59E2AE0457C00850977 /* Network */ = {
			isa = PBXGroup;
			children = (
				553DC5AB2AE0471200850977 /* Base */,
				553DC5BA2AE04B3A00850977 /* Endpoints */,
				553DC5A32AE045E300850977 /* Services */,
			);
			path = Network;
			sourceTree = "<group>";
		};
		553DC5A32AE045E300850977 /* Services */ = {
			isa = PBXGroup;
			children = (
				553DC5A42AE045F000850977 /* RandomUsersNetworkService */,
			);
			path = Services;
			sourceTree = "<group>";
		};
		553DC5A42AE045F000850977 /* RandomUsersNetworkService */ = {
			isa = PBXGroup;
			children = (
				553DC5A52AE0460B00850977 /* RandomUsersNetworkData.swift */,
				553DC5B82AE04A6E00850977 /* RandomUsersNetworkService.swift */,
			);
			path = RandomUsersNetworkService;
			sourceTree = "<group>";
		};
		553DC5AB2AE0471200850977 /* Base */ = {
			isa = PBXGroup;
			children = (
				553DC59F2AE0459300850977 /* Endpoint.swift */,
				553DC5A72AE0465800850977 /* HTTPClient.swift */,
				553DC5A92AE0466B00850977 /* RequestError.swift */,
				553DC5A12AE045CB00850977 /* RequestMethod.swift */,
			);
			path = Base;
			sourceTree = "<group>";
		};
		553DC5AC2AE048D100850977 /* Features */ = {
			isa = PBXGroup;
			children = (
				55C1F2BE2AE50205004DB257 /* Blacklist */,
				553DC5B12AE049D900850977 /* Home */,
				553DC5AD2AE048DB00850977 /* User */,
			);
			path = Features;
			sourceTree = "<group>";
		};
		553DC5AD2AE048DB00850977 /* User */ = {
			isa = PBXGroup;
			children = (
				553DC5AE2AE0490D00850977 /* Model */,
				553DC5BF2AE0527500850977 /* View */,
			);
			path = User;
			sourceTree = "<group>";
		};
		553DC5AE2AE0490D00850977 /* Model */ = {
			isa = PBXGroup;
			children = (
				553DC5AF2AE0497300850977 /* User.swift */,
			);
			path = Model;
			sourceTree = "<group>";
		};
		553DC5B12AE049D900850977 /* Home */ = {
			isa = PBXGroup;
			children = (
				553DC5B22AE049DF00850977 /* View */,
				553DC5B32AE049EA00850977 /* ViewModel */,
			);
			path = Home;
			sourceTree = "<group>";
		};
		553DC5B22AE049DF00850977 /* View */ = {
			isa = PBXGroup;
			children = (
				553DC5B42AE04A0500850977 /* HomeView.swift */,
			);
			path = View;
			sourceTree = "<group>";
		};
		553DC5B32AE049EA00850977 /* ViewModel */ = {
			isa = PBXGroup;
			children = (
				553DC5B62AE04A1200850977 /* HomeViewModel.swift */,
			);
			path = ViewModel;
			sourceTree = "<group>";
		};
		553DC5BA2AE04B3A00850977 /* Endpoints */ = {
			isa = PBXGroup;
			children = (
				553DC5BB2AE04B5000850977 /* RandomUsersEndpoints.swift */,
			);
			path = Endpoints;
			sourceTree = "<group>";
		};
		553DC5BF2AE0527500850977 /* View */ = {
			isa = PBXGroup;
			children = (
				553DC5C22AE052BC00850977 /* UserItemListView.swift */,
				553DC5C62AE0771E00850977 /* UserView.swift */,
				553DC5C82AE0781700850977 /* UserDataView.swift */,
			);
			path = View;
			sourceTree = "<group>";
		};
		553DC5CA2AE078A700850977 /* Extensions */ = {
			isa = PBXGroup;
			children = (
				553DC5CB2AE078BE00850977 /* String+CapitalizeFirst.swift */,
			);
			path = Extensions;
			sourceTree = "<group>";
		};
		55B07FED2AE255050098016C /* Utils */ = {
			isa = PBXGroup;
			children = (
				55B07FEE2AE2550D0098016C /* Debouncer */,
			);
			path = Utils;
			sourceTree = "<group>";
		};
		55B07FEE2AE2550D0098016C /* Debouncer */ = {
			isa = PBXGroup;
			children = (
				55B07FEF2AE255250098016C /* Debouncer.swift */,
			);
			path = Debouncer;
			sourceTree = "<group>";
		};
		55C1F2BE2AE50205004DB257 /* Blacklist */ = {
			isa = PBXGroup;
			children = (
				55C1F2BF2AE5068A004DB257 /* View */,
				55C1F2C22AE506CC004DB257 /* ViewModel */,
			);
			path = Blacklist;
			sourceTree = "<group>";
		};
		55C1F2BF2AE5068A004DB257 /* View */ = {
			isa = PBXGroup;
			children = (
				55C1F2C02AE506A3004DB257 /* BlacklistView.swift */,
			);
			path = View;
			sourceTree = "<group>";
		};
		55C1F2C22AE506CC004DB257 /* ViewModel */ = {
			isa = PBXGroup;
			children = (
				55C1F2C32AE506E2004DB257 /* BlacklistViewModel.swift */,
			);
			path = ViewModel;
			sourceTree = "<group>";
		};
/* End PBXGroup section */

/* Begin PBXNativeTarget section */
		5505BF7F2AE3E95600162F44 /* RandomUsersTests */ = {
			isa = PBXNativeTarget;
			buildConfigurationList = 5505BF882AE3E95600162F44 /* Build configuration list for PBXNativeTarget "RandomUsersTests" */;
			buildPhases = (
				5505BF7C2AE3E95600162F44 /* Sources */,
				5505BF7D2AE3E95600162F44 /* Frameworks */,
				5505BF7E2AE3E95600162F44 /* Resources */,
			);
			buildRules = (
			);
			dependencies = (
				5505BF852AE3E95600162F44 /* PBXTargetDependency */,
			);
			name = RandomUsersTests;
			productName = RandomUsersTests;
			productReference = 5505BF802AE3E95600162F44 /* RandomUsersTests.xctest */;
			productType = "com.apple.product-type.bundle.unit-test";
		};
		553DC58C2AE044D700850977 /* RandomUsers */ = {
			isa = PBXNativeTarget;
			buildConfigurationList = 553DC59B2AE044D800850977 /* Build configuration list for PBXNativeTarget "RandomUsers" */;
			buildPhases = (
				553DC5892AE044D700850977 /* Sources */,
				553DC58A2AE044D700850977 /* Frameworks */,
				553DC58B2AE044D700850977 /* Resources */,
			);
			buildRules = (
			);
			dependencies = (
			);
			name = RandomUsers;
			productName = RandomUsers;
			productReference = 553DC58D2AE044D700850977 /* RandomUsers.app */;
			productType = "com.apple.product-type.application";
		};
/* End PBXNativeTarget section */

/* Begin PBXProject section */
		553DC5852AE044D700850977 /* Project object */ = {
			isa = PBXProject;
			attributes = {
				BuildIndependentTargetsInParallel = 1;
				LastSwiftUpdateCheck = 1500;
				LastUpgradeCheck = 1500;
				TargetAttributes = {
					5505BF7F2AE3E95600162F44 = {
						CreatedOnToolsVersion = 15.0.1;
						TestTargetID = 553DC58C2AE044D700850977;
					};
					553DC58C2AE044D700850977 = {
						CreatedOnToolsVersion = 15.0;
					};
				};
			};
			buildConfigurationList = 553DC5882AE044D700850977 /* Build configuration list for PBXProject "RandomUsers" */;
			compatibilityVersion = "Xcode 14.0";
			developmentRegion = en;
			hasScannedForEncodings = 0;
			knownRegions = (
				en,
				Base,
				es,
			);
			mainGroup = 553DC5842AE044D700850977;
			productRefGroup = 553DC58E2AE044D700850977 /* Products */;
			projectDirPath = "";
			projectRoot = "";
			targets = (
				553DC58C2AE044D700850977 /* RandomUsers */,
				5505BF7F2AE3E95600162F44 /* RandomUsersTests */,
			);
		};
/* End PBXProject section */

/* Begin PBXResourcesBuildPhase section */
		5505BF7E2AE3E95600162F44 /* Resources */ = {
			isa = PBXResourcesBuildPhase;
			buildActionMask = 2147483647;
			files = (
			);
			runOnlyForDeploymentPostprocessing = 0;
		};
		553DC58B2AE044D700850977 /* Resources */ = {
			isa = PBXResourcesBuildPhase;
			buildActionMask = 2147483647;
			files = (
				552F5B7A2AE19A6800197687 /* .gitignore in Resources */,
				553DC5982AE044D800850977 /* Preview Assets.xcassets in Resources */,
				553DC5952AE044D800850977 /* Assets.xcassets in Resources */,
				553DC5C52AE05B2E00850977 /* Localizable.xcstrings in Resources */,
			);
			runOnlyForDeploymentPostprocessing = 0;
		};
/* End PBXResourcesBuildPhase section */

/* Begin PBXSourcesBuildPhase section */
		5505BF7C2AE3E95600162F44 /* Sources */ = {
			isa = PBXSourcesBuildPhase;
			buildActionMask = 2147483647;
			files = (
				5505BF8C2AE3E9BB00162F44 /* HomeViewModelTests.swift in Sources */,
				5505BF902AE3F89B00162F44 /* RandomUsersNetworkServiceMock.swift in Sources */,
			);
			runOnlyForDeploymentPostprocessing = 0;
		};
		553DC5892AE044D700850977 /* Sources */ = {
			isa = PBXSourcesBuildPhase;
			buildActionMask = 2147483647;
			files = (
				55C1F2C12AE506A3004DB257 /* BlacklistView.swift in Sources */,
				553DC5BC2AE04B5000850977 /* RandomUsersEndpoints.swift in Sources */,
				553DC5B52AE04A0500850977 /* HomeView.swift in Sources */,
				553DC5BE2AE050D400850977 /* DependencyInjection.swift in Sources */,
				553DC5AA2AE0466B00850977 /* RequestError.swift in Sources */,
				553DC5A22AE045CB00850977 /* RequestMethod.swift in Sources */,
				553DC5B72AE04A1200850977 /* HomeViewModel.swift in Sources */,
				553DC5C32AE052BC00850977 /* UserItemListView.swift in Sources */,
				553DC5CC2AE078BE00850977 /* String+CapitalizeFirst.swift in Sources */,
				553DC5B92AE04A6E00850977 /* RandomUsersNetworkService.swift in Sources */,
				553DC5A82AE0465800850977 /* HTTPClient.swift in Sources */,
				553DC5B02AE0497300850977 /* User.swift in Sources */,
				553DC5A62AE0460B00850977 /* RandomUsersNetworkData.swift in Sources */,
				553DC5C92AE0781700850977 /* UserDataView.swift in Sources */,
				553DC5A02AE0459300850977 /* Endpoint.swift in Sources */,
				55C1F2C42AE506E2004DB257 /* BlacklistViewModel.swift in Sources */,
				55B07FF02AE255250098016C /* Debouncer.swift in Sources */,
				553DC5912AE044D700850977 /* RandomUsersApp.swift in Sources */,
				553DC5C72AE0771E00850977 /* UserView.swift in Sources */,
			);
			runOnlyForDeploymentPostprocessing = 0;
		};
/* End PBXSourcesBuildPhase section */

/* Begin PBXTargetDependency section */
		5505BF852AE3E95600162F44 /* PBXTargetDependency */ = {
			isa = PBXTargetDependency;
			target = 553DC58C2AE044D700850977 /* RandomUsers */;
			targetProxy = 5505BF842AE3E95600162F44 /* PBXContainerItemProxy */;
		};
/* End PBXTargetDependency section */

/* Begin XCBuildConfiguration section */
		5505BF862AE3E95600162F44 /* Debug */ = {
			isa = XCBuildConfiguration;
			buildSettings = {
				BUNDLE_LOADER = "$(TEST_HOST)";
				CODE_SIGN_STYLE = Automatic;
				CURRENT_PROJECT_VERSION = 1;
				DEVELOPMENT_TEAM = FW8P39ZPC3;
				GENERATE_INFOPLIST_FILE = YES;
				MARKETING_VERSION = 1.0;
				PRODUCT_BUNDLE_IDENTIFIER = com.oscarmoreno.RandomUsersTests;
				PRODUCT_NAME = "$(TARGET_NAME)";
				SUPPORTED_PLATFORMS = "iphoneos iphonesimulator";
				SUPPORTS_MACCATALYST = NO;
				SUPPORTS_MAC_DESIGNED_FOR_IPHONE_IPAD = NO;
				SWIFT_EMIT_LOC_STRINGS = NO;
				SWIFT_VERSION = 5.0;
				TARGETED_DEVICE_FAMILY = 1;
				TEST_HOST = "$(BUILT_PRODUCTS_DIR)/RandomUsers.app/$(BUNDLE_EXECUTABLE_FOLDER_PATH)/RandomUsers";
			};
			name = Debug;
		};
		5505BF872AE3E95600162F44 /* Release */ = {
			isa = XCBuildConfiguration;
			buildSettings = {
				BUNDLE_LOADER = "$(TEST_HOST)";
				CODE_SIGN_STYLE = Automatic;
				CURRENT_PROJECT_VERSION = 1;
				DEVELOPMENT_TEAM = FW8P39ZPC3;
				GENERATE_INFOPLIST_FILE = YES;
				MARKETING_VERSION = 1.0;
				PRODUCT_BUNDLE_IDENTIFIER = com.oscarmoreno.RandomUsersTests;
				PRODUCT_NAME = "$(TARGET_NAME)";
				SUPPORTED_PLATFORMS = "iphoneos iphonesimulator";
				SUPPORTS_MACCATALYST = NO;
				SUPPORTS_MAC_DESIGNED_FOR_IPHONE_IPAD = NO;
				SWIFT_EMIT_LOC_STRINGS = NO;
				SWIFT_VERSION = 5.0;
				TARGETED_DEVICE_FAMILY = 1;
				TEST_HOST = "$(BUILT_PRODUCTS_DIR)/RandomUsers.app/$(BUNDLE_EXECUTABLE_FOLDER_PATH)/RandomUsers";
			};
			name = Release;
		};
		553DC5992AE044D800850977 /* Debug */ = {
			isa = XCBuildConfiguration;
			buildSettings = {
				ALWAYS_SEARCH_USER_PATHS = NO;
				ASSETCATALOG_COMPILER_GENERATE_SWIFT_ASSET_SYMBOL_EXTENSIONS = YES;
				CLANG_ANALYZER_NONNULL = YES;
				CLANG_ANALYZER_NUMBER_OBJECT_CONVERSION = YES_AGGRESSIVE;
				CLANG_CXX_LANGUAGE_STANDARD = "gnu++20";
				CLANG_ENABLE_MODULES = YES;
				CLANG_ENABLE_OBJC_ARC = YES;
				CLANG_ENABLE_OBJC_WEAK = YES;
				CLANG_WARN_BLOCK_CAPTURE_AUTORELEASING = YES;
				CLANG_WARN_BOOL_CONVERSION = YES;
				CLANG_WARN_COMMA = YES;
				CLANG_WARN_CONSTANT_CONVERSION = YES;
				CLANG_WARN_DEPRECATED_OBJC_IMPLEMENTATIONS = YES;
				CLANG_WARN_DIRECT_OBJC_ISA_USAGE = YES_ERROR;
				CLANG_WARN_DOCUMENTATION_COMMENTS = YES;
				CLANG_WARN_EMPTY_BODY = YES;
				CLANG_WARN_ENUM_CONVERSION = YES;
				CLANG_WARN_INFINITE_RECURSION = YES;
				CLANG_WARN_INT_CONVERSION = YES;
				CLANG_WARN_NON_LITERAL_NULL_CONVERSION = YES;
				CLANG_WARN_OBJC_IMPLICIT_RETAIN_SELF = YES;
				CLANG_WARN_OBJC_LITERAL_CONVERSION = YES;
				CLANG_WARN_OBJC_ROOT_CLASS = YES_ERROR;
				CLANG_WARN_QUOTED_INCLUDE_IN_FRAMEWORK_HEADER = YES;
				CLANG_WARN_RANGE_LOOP_ANALYSIS = YES;
				CLANG_WARN_STRICT_PROTOTYPES = YES;
				CLANG_WARN_SUSPICIOUS_MOVE = YES;
				CLANG_WARN_UNGUARDED_AVAILABILITY = YES_AGGRESSIVE;
				CLANG_WARN_UNREACHABLE_CODE = YES;
				CLANG_WARN__DUPLICATE_METHOD_MATCH = YES;
				COPY_PHASE_STRIP = NO;
				DEBUG_INFORMATION_FORMAT = dwarf;
				ENABLE_STRICT_OBJC_MSGSEND = YES;
				ENABLE_TESTABILITY = YES;
				ENABLE_USER_SCRIPT_SANDBOXING = YES;
				GCC_C_LANGUAGE_STANDARD = gnu17;
				GCC_DYNAMIC_NO_PIC = NO;
				GCC_NO_COMMON_BLOCKS = YES;
				GCC_OPTIMIZATION_LEVEL = 0;
				GCC_PREPROCESSOR_DEFINITIONS = (
					"DEBUG=1",
					"$(inherited)",
				);
				GCC_WARN_64_TO_32_BIT_CONVERSION = YES;
				GCC_WARN_ABOUT_RETURN_TYPE = YES_ERROR;
				GCC_WARN_UNDECLARED_SELECTOR = YES;
				GCC_WARN_UNINITIALIZED_AUTOS = YES_AGGRESSIVE;
				GCC_WARN_UNUSED_FUNCTION = YES;
				GCC_WARN_UNUSED_VARIABLE = YES;
				IPHONEOS_DEPLOYMENT_TARGET = 17.0;
				LOCALIZATION_PREFERS_STRING_CATALOGS = YES;
				MTL_ENABLE_DEBUG_INFO = INCLUDE_SOURCE;
				MTL_FAST_MATH = YES;
				ONLY_ACTIVE_ARCH = YES;
				SDKROOT = iphoneos;
				SWIFT_ACTIVE_COMPILATION_CONDITIONS = "DEBUG $(inherited)";
				SWIFT_OPTIMIZATION_LEVEL = "-Onone";
			};
			name = Debug;
		};
		553DC59A2AE044D800850977 /* Release */ = {
			isa = XCBuildConfiguration;
			buildSettings = {
				ALWAYS_SEARCH_USER_PATHS = NO;
				ASSETCATALOG_COMPILER_GENERATE_SWIFT_ASSET_SYMBOL_EXTENSIONS = YES;
				CLANG_ANALYZER_NONNULL = YES;
				CLANG_ANALYZER_NUMBER_OBJECT_CONVERSION = YES_AGGRESSIVE;
				CLANG_CXX_LANGUAGE_STANDARD = "gnu++20";
				CLANG_ENABLE_MODULES = YES;
				CLANG_ENABLE_OBJC_ARC = YES;
				CLANG_ENABLE_OBJC_WEAK = YES;
				CLANG_WARN_BLOCK_CAPTURE_AUTORELEASING = YES;
				CLANG_WARN_BOOL_CONVERSION = YES;
				CLANG_WARN_COMMA = YES;
				CLANG_WARN_CONSTANT_CONVERSION = YES;
				CLANG_WARN_DEPRECATED_OBJC_IMPLEMENTATIONS = YES;
				CLANG_WARN_DIRECT_OBJC_ISA_USAGE = YES_ERROR;
				CLANG_WARN_DOCUMENTATION_COMMENTS = YES;
				CLANG_WARN_EMPTY_BODY = YES;
				CLANG_WARN_ENUM_CONVERSION = YES;
				CLANG_WARN_INFINITE_RECURSION = YES;
				CLANG_WARN_INT_CONVERSION = YES;
				CLANG_WARN_NON_LITERAL_NULL_CONVERSION = YES;
				CLANG_WARN_OBJC_IMPLICIT_RETAIN_SELF = YES;
				CLANG_WARN_OBJC_LITERAL_CONVERSION = YES;
				CLANG_WARN_OBJC_ROOT_CLASS = YES_ERROR;
				CLANG_WARN_QUOTED_INCLUDE_IN_FRAMEWORK_HEADER = YES;
				CLANG_WARN_RANGE_LOOP_ANALYSIS = YES;
				CLANG_WARN_STRICT_PROTOTYPES = YES;
				CLANG_WARN_SUSPICIOUS_MOVE = YES;
				CLANG_WARN_UNGUARDED_AVAILABILITY = YES_AGGRESSIVE;
				CLANG_WARN_UNREACHABLE_CODE = YES;
				CLANG_WARN__DUPLICATE_METHOD_MATCH = YES;
				COPY_PHASE_STRIP = NO;
				DEBUG_INFORMATION_FORMAT = "dwarf-with-dsym";
				ENABLE_NS_ASSERTIONS = NO;
				ENABLE_STRICT_OBJC_MSGSEND = YES;
				ENABLE_USER_SCRIPT_SANDBOXING = YES;
				GCC_C_LANGUAGE_STANDARD = gnu17;
				GCC_NO_COMMON_BLOCKS = YES;
				GCC_WARN_64_TO_32_BIT_CONVERSION = YES;
				GCC_WARN_ABOUT_RETURN_TYPE = YES_ERROR;
				GCC_WARN_UNDECLARED_SELECTOR = YES;
				GCC_WARN_UNINITIALIZED_AUTOS = YES_AGGRESSIVE;
				GCC_WARN_UNUSED_FUNCTION = YES;
				GCC_WARN_UNUSED_VARIABLE = YES;
				IPHONEOS_DEPLOYMENT_TARGET = 17.0;
				LOCALIZATION_PREFERS_STRING_CATALOGS = YES;
				MTL_ENABLE_DEBUG_INFO = NO;
				MTL_FAST_MATH = YES;
				SDKROOT = iphoneos;
				SWIFT_COMPILATION_MODE = wholemodule;
				VALIDATE_PRODUCT = YES;
			};
			name = Release;
		};
		553DC59C2AE044D800850977 /* Debug */ = {
			isa = XCBuildConfiguration;
			buildSettings = {
				ASSETCATALOG_COMPILER_APPICON_NAME = AppIcon;
				ASSETCATALOG_COMPILER_GLOBAL_ACCENT_COLOR_NAME = AccentColor;
				CODE_SIGN_STYLE = Automatic;
				CURRENT_PROJECT_VERSION = 1;
				DEVELOPMENT_ASSET_PATHS = "\"RandomUsers/Preview Content\"";
				DEVELOPMENT_TEAM = FW8P39ZPC3;
				ENABLE_PREVIEWS = YES;
				GENERATE_INFOPLIST_FILE = YES;
				INFOPLIST_KEY_UIApplicationSceneManifest_Generation = YES;
				INFOPLIST_KEY_UIApplicationSupportsIndirectInputEvents = YES;
				INFOPLIST_KEY_UILaunchScreen_Generation = YES;
				INFOPLIST_KEY_UISupportedInterfaceOrientations = UIInterfaceOrientationPortrait;
				INFOPLIST_KEY_UISupportedInterfaceOrientations_iPad = "UIInterfaceOrientationLandscapeLeft UIInterfaceOrientationLandscapeRight UIInterfaceOrientationPortrait UIInterfaceOrientationPortraitUpsideDown";
				LD_RUNPATH_SEARCH_PATHS = (
					"$(inherited)",
					"@executable_path/Frameworks",
				);
				MARKETING_VERSION = 1.0;
				PRODUCT_BUNDLE_IDENTIFIER = com.oscarmoreno.RandomUsers;
				PRODUCT_NAME = "$(TARGET_NAME)";
				SUPPORTED_PLATFORMS = "iphoneos iphonesimulator";
				SUPPORTS_MACCATALYST = NO;
				SUPPORTS_MAC_DESIGNED_FOR_IPHONE_IPAD = NO;
				SWIFT_EMIT_LOC_STRINGS = YES;
				SWIFT_VERSION = 5.0;
				TARGETED_DEVICE_FAMILY = 1;
			};
			name = Debug;
		};
		553DC59D2AE044D800850977 /* Release */ = {
			isa = XCBuildConfiguration;
			buildSettings = {
				ASSETCATALOG_COMPILER_APPICON_NAME = AppIcon;
				ASSETCATALOG_COMPILER_GLOBAL_ACCENT_COLOR_NAME = AccentColor;
				CODE_SIGN_STYLE = Automatic;
				CURRENT_PROJECT_VERSION = 1;
				DEVELOPMENT_ASSET_PATHS = "\"RandomUsers/Preview Content\"";
				DEVELOPMENT_TEAM = FW8P39ZPC3;
				ENABLE_PREVIEWS = YES;
				GENERATE_INFOPLIST_FILE = YES;
				INFOPLIST_KEY_UIApplicationSceneManifest_Generation = YES;
				INFOPLIST_KEY_UIApplicationSupportsIndirectInputEvents = YES;
				INFOPLIST_KEY_UILaunchScreen_Generation = YES;
				INFOPLIST_KEY_UISupportedInterfaceOrientations = UIInterfaceOrientationPortrait;
				INFOPLIST_KEY_UISupportedInterfaceOrientations_iPad = "UIInterfaceOrientationLandscapeLeft UIInterfaceOrientationLandscapeRight UIInterfaceOrientationPortrait UIInterfaceOrientationPortraitUpsideDown";
				LD_RUNPATH_SEARCH_PATHS = (
					"$(inherited)",
					"@executable_path/Frameworks",
				);
				MARKETING_VERSION = 1.0;
				PRODUCT_BUNDLE_IDENTIFIER = com.oscarmoreno.RandomUsers;
				PRODUCT_NAME = "$(TARGET_NAME)";
				SUPPORTED_PLATFORMS = "iphoneos iphonesimulator";
				SUPPORTS_MACCATALYST = NO;
				SUPPORTS_MAC_DESIGNED_FOR_IPHONE_IPAD = NO;
				SWIFT_EMIT_LOC_STRINGS = YES;
				SWIFT_VERSION = 5.0;
				TARGETED_DEVICE_FAMILY = 1;
			};
			name = Release;
		};
/* End XCBuildConfiguration section */

/* Begin XCConfigurationList section */
		5505BF882AE3E95600162F44 /* Build configuration list for PBXNativeTarget "RandomUsersTests" */ = {
			isa = XCConfigurationList;
			buildConfigurations = (
				5505BF862AE3E95600162F44 /* Debug */,
				5505BF872AE3E95600162F44 /* Release */,
			);
			defaultConfigurationIsVisible = 0;
			defaultConfigurationName = Release;
		};
		553DC5882AE044D700850977 /* Build configuration list for PBXProject "RandomUsers" */ = {
			isa = XCConfigurationList;
			buildConfigurations = (
				553DC5992AE044D800850977 /* Debug */,
				553DC59A2AE044D800850977 /* Release */,
			);
			defaultConfigurationIsVisible = 0;
			defaultConfigurationName = Release;
		};
		553DC59B2AE044D800850977 /* Build configuration list for PBXNativeTarget "RandomUsers" */ = {
			isa = XCConfigurationList;
			buildConfigurations = (
				553DC59C2AE044D800850977 /* Debug */,
				553DC59D2AE044D800850977 /* Release */,
			);
			defaultConfigurationIsVisible = 0;
			defaultConfigurationName = Release;
		};
/* End XCConfigurationList section */
	};
	rootObject = 553DC5852AE044D700850977 /* Project object */;
}
